
Microsoft Visual Studio Solution File, Format Version 12.00
# Visual Studio Version 17
VisualStudioVersion = 17.3.32929.385
MinimumVisualStudioVersion = 10.0.40219.1
Project("{FAE04EC0-301F-11D3-BF4B-00C04F79EFBC}") = "Task9", "Task9\Task9.csproj", "{55F25276-91ED-445A-90DD-A862C7EC7067}"
EndProject
Project("{FAE04EC0-301F-11D3-BF4B-00C04F79EFBC}") = "Task10", "Task10\Task10.csproj", "{D284FACB-E66C-4207-BEE4-85C167B2847D}"
EndProject
Global
	GlobalSection(SolutionConfigurationPlatforms) = preSolution
		Debug|Any CPU = Debug|Any CPU
		Release|Any CPU = Release|Any CPU
	EndGlobalSection
	GlobalSection(ProjectConfigurationPlatforms) = postSolution
		{55F25276-91ED-445A-90DD-A862C7EC7067}.Debug|Any CPU.ActiveCfg = Debug|Any CPU
		{55F25276-91ED-445A-90DD-A862C7EC7067}.Debug|Any CPU.Build.0 = Debug|Any CPU
		{55F25276-91ED-445A-90DD-A862C7EC7067}.Release|Any CPU.ActiveCfg = Release|Any CPU
		{55F25276-91ED-445A-90DD-A862C7EC7067}.Release|Any CPU.Build.0 = Release|Any CPU
		{D284FACB-E66C-4207-BEE4-85C167B2847D}.Debug|Any CPU.ActiveCfg = Debug|Any CPU
		{D284FACB-E66C-4207-BEE4-85C167B2847D}.Debug|Any CPU.Build.0 = Debug|Any CPU
		{D284FACB-E66C-4207-BEE4-85C167B2847D}.Release|Any CPU.ActiveCfg = Release|Any CPU
		{D284FACB-E66C-4207-BEE4-85C167B2847D}.Release|Any CPU.Build.0 = Release|Any CPU
	EndGlobalSection
	GlobalSection(SolutionProperties) = preSolution
		HideSolutionNode = FALSE
	EndGlobalSection
	GlobalSection(ExtensibilityGlobals) = postSolution
		SolutionGuid = {EB8549BC-C05C-450E-8D77-826115DF5B15}
	EndGlobalSection
EndGlobal
